
Microsoft Visual Studio Solution File, Format Version 12.00
# Visual Studio 2012
Project("{FAE04EC0-301F-11D3-BF4B-00C04F79EFBC}") = "CollectABull.Core", "CollectABull.Core\CollectABull.Core.csproj", "{63AFCA97-A5F8-4B32-B528-B1B086D2318A}"
EndProject
Global
	GlobalSection(SolutionConfigurationPlatforms) = preSolution
		Debug|Any CPU = Debug|Any CPU
		Release|Any CPU = Release|Any CPU
	EndGlobalSection
	GlobalSection(ProjectConfigurationPlatforms) = postSolution
		{63AFCA97-A5F8-4B32-B528-B1B086D2318A}.Debug|Any CPU.ActiveCfg = Debug|Any CPU
		{63AFCA97-A5F8-4B32-B528-B1B086D2318A}.Debug|Any CPU.Build.0 = Debug|Any CPU
		{63AFCA97-A5F8-4B32-B528-B1B086D2318A}.Release|Any CPU.ActiveCfg = Release|Any CPU
		{63AFCA97-A5F8-4B32-B528-B1B086D2318A}.Release|Any CPU.Build.0 = Release|Any CPU
	EndGlobalSection
EndGlobal
